{
  "name": "grunt-transport-seajs",
  "version": "0.1.0",
  "lockfileVersion": 1,
  "requires": true,
  "dependencies": {
    "abbrev": {
      "version": "1.1.1",
      "resolved": "http://registry.npm.taobao.org/abbrev/download/abbrev-1.1.1.tgz",
      "integrity": "sha1-+PLIh60Qv2f2NPAFtph/7TF5qsg=",
      "dev": true
    },
    "amdefine": {
      "version": "1.0.1",
      "resolved": "http://registry.npm.taobao.org/amdefine/download/amdefine-1.0.1.tgz",
      "integrity": "sha1-SlKCrBZHKek2Gbz9OtFR+BfOkfU="
    },
    "async": {
      "version": "0.2.10",
      "resolved": "http://registry.npm.taobao.org/async/download/async-0.2.10.tgz",
      "integrity": "sha1-trvgsGdLnXGXCMo43owjfLUmw9E="
    },
    "atob": {
      "version": "1.1.3",
      "resolved": "http://registry.npm.taobao.org/atob/download/atob-1.1.3.tgz",
      "integrity": "sha1-lfE2KbEsOlGl0hWr3OKqnzL4B3M="
    },
    "clean-css": {
      "version": "1.0.12",
      "resolved": "http://registry.npm.taobao.org/clean-css/download/clean-css-1.0.12.tgz",
      "integrity": "sha1-5uDZd4YEZjY9kRChdCPSfNaHQwA=",
      "requires": {
        "commander": "1.3.2"
      }
    },
    "cli": {
      "version": "0.4.3",
      "resolved": "http://registry.npm.taobao.org/cli/download/cli-0.4.3.tgz",
      "integrity": "sha1-5oGcjV+qlX9k+Y9mqFBiaMHR8X0=",
      "dev": true,
      "requires": {
        "glob": "3.2.11"
      }
    },
    "cmd-util": {
      "version": "0.3.13",
      "resolved": "http://registry.npm.taobao.org/cmd-util/download/cmd-util-0.3.13.tgz",
      "integrity": "sha1-Nc0NYFF0+20iC01JQaRPh8u0zl0=",
      "requires": {
        "uglify-js": "2.3.6"
      },
      "dependencies": {
        "uglify-js": {
          "version": "2.3.6",
          "resolved": "http://registry.npm.taobao.org/uglify-js/download/uglify-js-2.3.6.tgz",
          "integrity": "sha1-+gmEdwtCi3qbKoBY9GNV0U/vIRo=",
          "requires": {
            "async": "0.2.10",
            "optimist": "0.3.7",
            "source-map": "0.1.43"
          }
        }
      }
    },
    "commander": {
      "version": "1.3.2",
      "resolved": "http://registry.npm.taobao.org/commander/download/commander-1.3.2.tgz",
      "integrity": "sha1-io8w7GcKb91kr1LxkUuQfXnq1bU=",
      "requires": {
        "keypress": "0.1.0"
      }
    },
    "css": {
      "version": "1.4.4",
      "resolved": "http://registry.npm.taobao.org/css/download/css-1.4.4.tgz",
      "integrity": "sha1-xGF1ZeZeMUDfDPb5hbRZ8D4IK+Y=",
      "requires": {
        "css-parse": "1.6.0",
        "css-stringify": "1.3.2"
      }
    },
    "css-parse": {
      "version": "1.6.0",
      "resolved": "http://registry.npm.taobao.org/css-parse/download/css-parse-1.6.0.tgz",
      "integrity": "sha1-uPwkFvjthZxfv3kchrnrwCJYmM4="
    },
    "css-stringify": {
      "version": "1.3.2",
      "resolved": "http://registry.npm.taobao.org/css-stringify/download/css-stringify-1.3.2.tgz",
      "integrity": "sha1-n3B5J/KxZ83Vb/pCnyb6IGmCwmk="
    },
    "css2str": {
      "version": "0.1.1",
      "resolved": "http://registry.npm.taobao.org/css2str/download/css2str-0.1.1.tgz",
      "integrity": "sha1-wxQz7VFm1GJDs5ULEt6HmuXqu/4=",
      "requires": {
        "css": "2.0.0"
      },
      "dependencies": {
        "css": {
          "version": "2.0.0",
          "resolved": "http://registry.npm.taobao.org/css/download/css-2.0.0.tgz",
          "integrity": "sha1-jPrtNEKe/jglzcVVLonYu3XN5Fc=",
          "requires": {
            "source-map": "0.1.43",
            "source-map-resolve": "0.1.4",
            "urix": "0.1.0"
          }
        }
      }
    },
    "debug": {
      "version": "3.1.0",
      "resolved": "http://registry.npm.taobao.org/debug/download/debug-3.1.0.tgz",
      "integrity": "sha1-W7WgZyYotkFJVmuhaBnmFRjGcmE=",
      "dev": true,
      "requires": {
        "ms": "2.0.0"
      },
      "dependencies": {
        "ms": {
          "version": "2.0.0",
          "resolved": "http://registry.npm.taobao.org/ms/download/ms-2.0.0.tgz",
          "integrity": "sha1-VgiurfwAvmwpAd9fmGF4jeDVl8g=",
          "dev": true
        }
      }
    },
    "diff": {
      "version": "1.0.2",
      "resolved": "http://registry.npm.taobao.org/diff/download/diff-1.0.2.tgz",
      "integrity": "sha1-Suc/Gu6Nb89ITxoc53zmUdm38Mk=",
      "dev": true
    },
    "findup-sync": {
      "version": "0.1.3",
      "resolved": "http://registry.npm.taobao.org/findup-sync/download/findup-sync-0.1.3.tgz",
      "integrity": "sha1-fz56l7gjksZTvwZYm9hRkOk8NoM=",
      "dev": true,
      "requires": {
        "glob": "3.2.11",
        "lodash": "2.4.2"
      }
    },
    "glob": {
      "version": "3.2.11",
      "resolved": "http://registry.npm.taobao.org/glob/download/glob-3.2.11.tgz",
      "integrity": "sha1-Spc/Y1uRkPcV0QmH1cAP0oFevj0=",
      "dev": true,
      "requires": {
        "inherits": "2.0.3",
        "minimatch": "0.3.0"
      }
    },
    "graceful-fs": {
      "version": "1.2.3",
      "resolved": "http://registry.npm.taobao.org/graceful-fs/download/graceful-fs-1.2.3.tgz",
      "integrity": "sha1-FaSAaldUfLLS2/J/QuiajDRRs2Q=",
      "dev": true
    },
    "growl": {
      "version": "1.7.0",
      "resolved": "http://registry.npm.taobao.org/growl/download/growl-1.7.0.tgz",
      "integrity": "sha1-3i1mE20ALhErpw8/EMMc98NQsto=",
      "dev": true
    },
    "grunt-cli": {
      "version": "0.1.13",
      "resolved": "http://registry.npm.taobao.org/grunt-cli/download/grunt-cli-0.1.13.tgz",
      "integrity": "sha1-6evEBHYx9QEtkidww5N4EzytEPQ=",
      "dev": true,
      "requires": {
        "findup-sync": "0.1.3",
        "nopt": "1.0.10",
        "resolve": "0.3.1"
      }
    },
    "grunt-contrib-clean": {
      "version": "0.4.1",
      "resolved": "http://registry.npm.taobao.org/grunt-contrib-clean/download/grunt-contrib-clean-0.4.1.tgz",
      "integrity": "sha1-f49G4vKnGH6cLQg6swJiqmpk4zQ=",
      "dev": true
    },
    "grunt-contrib-jshint": {
      "version": "0.1.1",
      "resolved": "http://registry.npm.taobao.org/grunt-contrib-jshint/download/grunt-contrib-jshint-0.1.1.tgz",
      "integrity": "sha1-qeJYFB5rL0Z8V39Wctl+xk7yWD0=",
      "dev": true,
      "requires": {
        "jshint": "0.9.1"
      }
    },
    "grunt-mocha-test": {
      "version": "0.4.0",
      "resolved": "http://registry.npm.taobao.org/grunt-mocha-test/download/grunt-mocha-test-0.4.0.tgz",
      "integrity": "sha1-k2DkDXXsYPHQfnBjBNA9F7r0NNM=",
      "dev": true,
      "requires": {
        "mocha": "1.10.0"
      }
    },
    "handlebars": {
      "version": "1.0.11",
      "resolved": "http://registry.npm.taobao.org/handlebars/download/handlebars-1.0.11.tgz",
      "integrity": "sha1-KLivix82WO83fmIeDWsHB4/EUKk=",
      "requires": {
        "optimist": "0.3.7",
        "uglify-js": "1.2.6"
      },
      "dependencies": {
        "uglify-js": {
          "version": "1.2.6",
          "resolved": "http://registry.npm.taobao.org/uglify-js/download/uglify-js-1.2.6.tgz",
          "integrity": "sha1-01Sy08HPEOvBj6eMEaKL3ZzhWA0="
        }
      }
    },
    "htmlclean": {
      "version": "2.2.3",
      "resolved": "http://registry.npm.taobao.org/htmlclean/download/htmlclean-2.2.3.tgz",
      "integrity": "sha1-PzxVoPNIzmpG6gU3QELKRwId53w="
    },
    "inherits": {
      "version": "2.0.3",
      "resolved": "http://registry.npm.taobao.org/inherits/download/inherits-2.0.3.tgz",
      "integrity": "sha1-Yzwsg+PaQqUC9SRmAiSA9CCCYd4=",
      "dev": true
    },
    "jade": {
      "version": "0.26.3",
      "resolved": "http://registry.npm.taobao.org/jade/download/jade-0.26.3.tgz",
      "integrity": "sha1-jxDXl32NefL2/4YqgbBRPMslaGw=",
      "dev": true,
      "requires": {
        "commander": "0.6.1",
        "mkdirp": "0.3.0"
      },
      "dependencies": {
        "commander": {
          "version": "0.6.1",
          "resolved": "http://registry.npm.taobao.org/commander/download/commander-0.6.1.tgz",
          "integrity": "sha1-+mihT2qUXVTbvlDYzbMyDp47GgY=",
          "dev": true
        },
        "mkdirp": {
          "version": "0.3.0",
          "resolved": "http://registry.npm.taobao.org/mkdirp/download/mkdirp-0.3.0.tgz",
          "integrity": "sha1-G79asbqCevI1dRQ0kEJkVfSB/h4=",
          "dev": true
        }
      }
    },
    "jshint": {
      "version": "0.9.1",
      "resolved": "http://registry.npm.taobao.org/jshint/download/jshint-0.9.1.tgz",
      "integrity": "sha1-/zLsfwn4QAH3SY7q/WPJ5Puy3A4=",
      "dev": true,
      "requires": {
        "cli": "0.4.3",
        "minimatch": "0.0.5"
      },
      "dependencies": {
        "lru-cache": {
          "version": "1.0.6",
          "resolved": "http://registry.npm.taobao.org/lru-cache/download/lru-cache-1.0.6.tgz",
          "integrity": "sha1-qlD5cEdCKsclQ72hd6nJ0BjZhFI=",
          "dev": true
        },
        "minimatch": {
          "version": "0.0.5",
          "resolved": "http://registry.npm.taobao.org/minimatch/download/minimatch-0.0.5.tgz",
          "integrity": "sha1-lrtJC707poNrv6wRGt91MBsVhN4=",
          "dev": true,
          "requires": {
            "lru-cache": "1.0.6"
          }
        }
      }
    },
    "keypress": {
      "version": "0.1.0",
      "resolved": "http://registry.npm.taobao.org/keypress/download/keypress-0.1.0.tgz",
      "integrity": "sha1-SjGI1CkbZrT2XtuZ+AaqmuKTWSo="
    },
    "lodash": {
      "version": "2.4.2",
      "resolved": "http://registry.npm.taobao.org/lodash/download/lodash-2.4.2.tgz",
      "integrity": "sha1-+t2DS5aDBz2hebPq5tnA0VBT9z4=",
      "dev": true
    },
    "lru-cache": {
      "version": "2.7.3",
      "resolved": "http://registry.npm.taobao.org/lru-cache/download/lru-cache-2.7.3.tgz",
      "integrity": "sha1-bUUk6LlV+V1PW1iFHOId1y+06VI=",
      "dev": true
    },
    "minimatch": {
      "version": "0.3.0",
      "resolved": "http://registry.npm.taobao.org/minimatch/download/minimatch-0.3.0.tgz",
      "integrity": "sha1-J12O2qxPG7MyZHIInnlJyDlGmd0=",
      "dev": true,
      "requires": {
        "lru-cache": "2.7.3",
        "sigmund": "1.0.1"
      }
    },
    "mkdirp": {
      "version": "0.3.3",
      "resolved": "http://registry.npm.taobao.org/mkdirp/download/mkdirp-0.3.3.tgz",
      "integrity": "sha1-WV4lHBNww6aLqyE20ONIuBBa3xM=",
      "dev": true
    },
    "mocha": {
      "version": "1.10.0",
      "resolved": "http://registry.npm.taobao.org/mocha/download/mocha-1.10.0.tgz",
      "integrity": "sha1-8WrMlQ75Vm+/kIvPttXQQWw50No=",
      "dev": true,
      "requires": {
        "commander": "0.6.1",
        "debug": "3.1.0",
        "diff": "1.0.2",
        "glob": "3.2.1",
        "growl": "1.7.0",
        "jade": "0.26.3",
        "mkdirp": "0.3.3",
        "ms": "0.3.0"
      },
      "dependencies": {
        "commander": {
          "version": "0.6.1",
          "resolved": "http://registry.npm.taobao.org/commander/download/commander-0.6.1.tgz",
          "integrity": "sha1-+mihT2qUXVTbvlDYzbMyDp47GgY=",
          "dev": true
        },
        "glob": {
          "version": "3.2.1",
          "resolved": "http://registry.npm.taobao.org/glob/download/glob-3.2.1.tgz",
          "integrity": "sha1-V69w7HO6IyO/4/KaBndl22TF11g=",
          "dev": true,
          "requires": {
            "graceful-fs": "1.2.3",
            "inherits": "1.0.2",
            "minimatch": "0.2.14"
          }
        },
        "inherits": {
          "version": "1.0.2",
          "resolved": "http://registry.npm.taobao.org/inherits/download/inherits-1.0.2.tgz",
          "integrity": "sha1-ykMJ2t7mtUzAuNJH6NfHoJdb3Js=",
          "dev": true
        },
        "minimatch": {
          "version": "0.2.14",
          "resolved": "http://registry.npm.taobao.org/minimatch/download/minimatch-0.2.14.tgz",
          "integrity": "sha1-x054BXT2PG+aCQ6Q775u9TpqdWo=",
          "dev": true,
          "requires": {
            "lru-cache": "2.7.3",
            "sigmund": "1.0.1"
          }
        }
      }
    },
    "ms": {
      "version": "0.3.0",
      "resolved": "http://registry.npm.taobao.org/ms/download/ms-0.3.0.tgz",
      "integrity": "sha1-A+3DSNYT5mpWSGz9rFO8vomcvWE=",
      "dev": true
    },
    "nopt": {
      "version": "1.0.10",
      "resolved": "http://registry.npm.taobao.org/nopt/download/nopt-1.0.10.tgz",
      "integrity": "sha1-bd0hvSoxQXuScn3Vhfim83YI6+4=",
      "dev": true,
      "requires": {
        "abbrev": "1.1.1"
      }
    },
    "optimist": {
      "version": "0.3.7",
      "resolved": "http://registry.npm.taobao.org/optimist/download/optimist-0.3.7.tgz",
      "integrity": "sha1-yQlBrVnkJzMokjB00s8ufLxuwNk=",
      "requires": {
        "wordwrap": "0.0.3"
      }
    },
    "relative": {
      "version": "1.2.0",
      "resolved": "http://registry.npm.taobao.org/relative/download/relative-1.2.0.tgz",
      "integrity": "sha1-PTpYXBznSnrJ5gPq4X0SLxYJQOs="
    },
    "resolve": {
      "version": "0.3.1",
      "resolved": "http://registry.npm.taobao.org/resolve/download/resolve-0.3.1.tgz",
      "integrity": "sha1-NMY0R8ZkxwWY0cmxJvxDsqJDEKQ=",
      "dev": true
    },
    "resolve-url": {
      "version": "0.2.1",
      "resolved": "http://registry.npm.taobao.org/resolve-url/download/resolve-url-0.2.1.tgz",
      "integrity": "sha1-LGN/53yJOv0qZj/iGqkIAGjiBSo="
    },
    "should": {
      "version": "1.2.2",
      "resolved": "http://registry.npm.taobao.org/should/download/should-1.2.2.tgz",
      "integrity": "sha1-DwP3dQZtnqJjJpDJF7EoJPzB1YI=",
      "dev": true
    },
    "sigmund": {
      "version": "1.0.1",
      "resolved": "http://registry.npm.taobao.org/sigmund/download/sigmund-1.0.1.tgz",
      "integrity": "sha1-P/IfGYytIXX587eBhT/ZTQ0ZtZA=",
      "dev": true
    },
    "source-map": {
      "version": "0.1.43",
      "resolved": "http://registry.npm.taobao.org/source-map/download/source-map-0.1.43.tgz",
      "integrity": "sha1-wkvBRspRfBRx9drL4lcbK3+eM0Y=",
      "requires": {
        "amdefine": "1.0.1"
      }
    },
    "source-map-resolve": {
      "version": "0.1.4",
      "resolved": "http://registry.npm.taobao.org/source-map-resolve/download/source-map-resolve-0.1.4.tgz",
      "integrity": "sha1-YbT9zCrqdOiPVLIN0lExhvtTeOA=",
      "requires": {
        "atob": "1.1.3",
        "resolve-url": "0.2.1",
        "source-map-url": "0.2.0",
        "urix": "0.1.0"
      }
    },
    "source-map-url": {
      "version": "0.2.0",
      "resolved": "http://registry.npm.taobao.org/source-map-url/download/source-map-url-0.2.0.tgz",
      "integrity": "sha1-XD0gWpk8UNRDCBkzcYrkzKwiJCU="
    },
    "uglify-js": {
      "version": "2.2.5",
      "resolved": "http://registry.npm.taobao.org/uglify-js/download/uglify-js-2.2.5.tgz",
      "integrity": "sha1-puAqcNg5eSuXgEiLe4sYTAlcmcc=",
      "requires": {
        "optimist": "0.3.7",
        "source-map": "0.1.43"
      }
    },
    "urix": {
      "version": "0.1.0",
      "resolved": "http://registry.npm.taobao.org/urix/download/urix-0.1.0.tgz",
      "integrity": "sha1-2pN/emLiH+wf0Y1Js1wpNQZ6bHI="
    },
    "wordwrap": {
      "version": "0.0.3",
      "resolved": "http://registry.npm.taobao.org/wordwrap/download/wordwrap-0.0.3.tgz",
      "integrity": "sha1-o9XabNXAvAAI03I0u68b7WMFkQc="
    }
  }
}
